
Microsoft Visual Studio Solution File, Format Version 12.00
# Visual Studio Version 17
VisualStudioVersion = 17.9.34616.47
MinimumVisualStudioVersion = 10.0.40219.1
Project("{FAE04EC0-301F-11D3-BF4B-00C04F79EFBC}") = "BimbelProject", "BimbelProject\BimbelProject.csproj", "{9721F69D-3D6D-4974-96D9-97DDDA8811EB}"
EndProject
Global
	GlobalSection(SolutionConfigurationPlatforms) = preSolution
		Debug|Any CPU = Debug|Any CPU
		Release|Any CPU = Release|Any CPU
	EndGlobalSection
	GlobalSection(ProjectConfigurationPlatforms) = postSolution
		{9721F69D-3D6D-4974-96D9-97DDDA8811EB}.Debug|Any CPU.ActiveCfg = Debug|Any CPU
		{9721F69D-3D6D-4974-96D9-97DDDA8811EB}.Debug|Any CPU.Build.0 = Debug|Any CPU
		{9721F69D-3D6D-4974-96D9-97DDDA8811EB}.Release|Any CPU.ActiveCfg = Release|Any CPU
		{9721F69D-3D6D-4974-96D9-97DDDA8811EB}.Release|Any CPU.Build.0 = Release|Any CPU
	EndGlobalSection
	GlobalSection(SolutionProperties) = preSolution
		HideSolutionNode = FALSE
	EndGlobalSection
	GlobalSection(ExtensibilityGlobals) = postSolution
		SolutionGuid = {2FF33C57-91B9-446D-BBA0-1859B13EF292}
	EndGlobalSection
EndGlobal
